
Microsoft Visual Studio Solution File, Format Version 11.00
# Visual Studio 2010
Project("{FAE04EC0-301F-11D3-BF4B-00C04F79EFBC}") = "ManagementSystem", "ManagementSystem\ManagementSystem.csproj", "{38DC7CBD-5167-4448-9942-171C6413F510}"
EndProject
Project("{FAE04EC0-301F-11D3-BF4B-00C04F79EFBC}") = "DatabaseControlLib", "DatabaseControlLib\DatabaseControlLib.csproj", "{7BAB33BD-3E7F-4A0C-8242-30F0F9B5A7B2}"
EndProject
Project("{FAE04EC0-301F-11D3-BF4B-00C04F79EFBC}") = "ResourcesLib", "ResourcesLib\ResourcesLib.csproj", "{089EB3CB-37D5-4DB9-81E0-8BF69CD297EF}"
EndProject
Global
	GlobalSection(SolutionConfigurationPlatforms) = preSolution
		Debug|Any CPU = Debug|Any CPU
		Debug|Mixed Platforms = Debug|Mixed Platforms
		Debug|x86 = Debug|x86
		Release|Any CPU = Release|Any CPU
		Release|Mixed Platforms = Release|Mixed Platforms
		Release|x86 = Release|x86
	EndGlobalSection
	GlobalSection(ProjectConfigurationPlatforms) = postSolution
		{38DC7CBD-5167-4448-9942-171C6413F510}.Debug|Any CPU.ActiveCfg = Debug|x86
		{38DC7CBD-5167-4448-9942-171C6413F510}.Debug|Mixed Platforms.ActiveCfg = Debug|x86
		{38DC7CBD-5167-4448-9942-171C6413F510}.Debug|Mixed Platforms.Build.0 = Debug|x86
		{38DC7CBD-5167-4448-9942-171C6413F510}.Debug|x86.ActiveCfg = Debug|x86
		{38DC7CBD-5167-4448-9942-171C6413F510}.Debug|x86.Build.0 = Debug|x86
		{38DC7CBD-5167-4448-9942-171C6413F510}.Release|Any CPU.ActiveCfg = Release|x86
		{38DC7CBD-5167-4448-9942-171C6413F510}.Release|Mixed Platforms.ActiveCfg = Release|x86
		{38DC7CBD-5167-4448-9942-171C6413F510}.Release|Mixed Platforms.Build.0 = Release|x86
		{38DC7CBD-5167-4448-9942-171C6413F510}.Release|x86.ActiveCfg = Release|x86
		{38DC7CBD-5167-4448-9942-171C6413F510}.Release|x86.Build.0 = Release|x86
		{7BAB33BD-3E7F-4A0C-8242-30F0F9B5A7B2}.Debug|Any CPU.ActiveCfg = Debug|Any CPU
		{7BAB33BD-3E7F-4A0C-8242-30F0F9B5A7B2}.Debug|Any CPU.Build.0 = Debug|Any CPU
		{7BAB33BD-3E7F-4A0C-8242-30F0F9B5A7B2}.Debug|Mixed Platforms.ActiveCfg = Debug|Any CPU
		{7BAB33BD-3E7F-4A0C-8242-30F0F9B5A7B2}.Debug|Mixed Platforms.Build.0 = Debug|Any CPU
		{7BAB33BD-3E7F-4A0C-8242-30F0F9B5A7B2}.Debug|x86.ActiveCfg = Debug|Any CPU
		{7BAB33BD-3E7F-4A0C-8242-30F0F9B5A7B2}.Release|Any CPU.ActiveCfg = Release|Any CPU
		{7BAB33BD-3E7F-4A0C-8242-30F0F9B5A7B2}.Release|Any CPU.Build.0 = Release|Any CPU
		{7BAB33BD-3E7F-4A0C-8242-30F0F9B5A7B2}.Release|Mixed Platforms.ActiveCfg = Release|Any CPU
		{7BAB33BD-3E7F-4A0C-8242-30F0F9B5A7B2}.Release|Mixed Platforms.Build.0 = Release|Any CPU
		{7BAB33BD-3E7F-4A0C-8242-30F0F9B5A7B2}.Release|x86.ActiveCfg = Release|Any CPU
		{089EB3CB-37D5-4DB9-81E0-8BF69CD297EF}.Debug|Any CPU.ActiveCfg = Debug|Any CPU
		{089EB3CB-37D5-4DB9-81E0-8BF69CD297EF}.Debug|Any CPU.Build.0 = Debug|Any CPU
		{089EB3CB-37D5-4DB9-81E0-8BF69CD297EF}.Debug|Mixed Platforms.ActiveCfg = Debug|Any CPU
		{089EB3CB-37D5-4DB9-81E0-8BF69CD297EF}.Debug|Mixed Platforms.Build.0 = Debug|Any CPU
		{089EB3CB-37D5-4DB9-81E0-8BF69CD297EF}.Debug|x86.ActiveCfg = Debug|Any CPU
		{089EB3CB-37D5-4DB9-81E0-8BF69CD297EF}.Release|Any CPU.ActiveCfg = Release|Any CPU
		{089EB3CB-37D5-4DB9-81E0-8BF69CD297EF}.Release|Any CPU.Build.0 = Release|Any CPU
		{089EB3CB-37D5-4DB9-81E0-8BF69CD297EF}.Release|Mixed Platforms.ActiveCfg = Release|Any CPU
		{089EB3CB-37D5-4DB9-81E0-8BF69CD297EF}.Release|Mixed Platforms.Build.0 = Release|Any CPU
		{089EB3CB-37D5-4DB9-81E0-8BF69CD297EF}.Release|x86.ActiveCfg = Release|Any CPU
	EndGlobalSection
	GlobalSection(SolutionProperties) = preSolution
		HideSolutionNode = FALSE
	EndGlobalSection
EndGlobal
